
Microsoft Visual Studio Solution File, Format Version 12.00
# Visual Studio Version 17
VisualStudioVersion = 17.0.32014.148
MinimumVisualStudioVersion = 10.0.40219.1
Project("{FAE04EC0-301F-11D3-BF4B-00C04F79EFBC}") = "MethodsWithLoopsAndConditionals", "MethodsWithLoopsAndConditionals\MethodsWithLoopsAndConditionals.csproj", "{8E6C239E-C5B9-49AB-99A8-B8F3E62E5F15}"
EndProject
Global
	GlobalSection(SolutionConfigurationPlatforms) = preSolution
		Debug|Any CPU = Debug|Any CPU
		Release|Any CPU = Release|Any CPU
	EndGlobalSection
	GlobalSection(ProjectConfigurationPlatforms) = postSolution
		{8E6C239E-C5B9-49AB-99A8-B8F3E62E5F15}.Debug|Any CPU.ActiveCfg = Debug|Any CPU
		{8E6C239E-C5B9-49AB-99A8-B8F3E62E5F15}.Debug|Any CPU.Build.0 = Debug|Any CPU
		{8E6C239E-C5B9-49AB-99A8-B8F3E62E5F15}.Release|Any CPU.ActiveCfg = Release|Any CPU
		{8E6C239E-C5B9-49AB-99A8-B8F3E62E5F15}.Release|Any CPU.Build.0 = Release|Any CPU
	EndGlobalSection
	GlobalSection(SolutionProperties) = preSolution
		HideSolutionNode = FALSE
	EndGlobalSection
	GlobalSection(ExtensibilityGlobals) = postSolution
		SolutionGuid = {0D3EC0E9-23CC-4464-AE04-64D9DBD864BF}
	EndGlobalSection
EndGlobal
